
Microsoft Visual Studio Solution File, Format Version 12.00
# Visual Studio Version 16
VisualStudioVersion = 16.0.31613.86
MinimumVisualStudioVersion = 10.0.40219.1
Project("{9A19103F-16F7-4668-BE54-9A1E7A4F7556}") = "Homework1", "Homework1\Homework1.csproj", "{7F3D8575-815E-4E33-A2B7-D62EC98A8CE9}"
EndProject
Project("{FAE04EC0-301F-11D3-BF4B-00C04F79EFBC}") = "TestProject1", "TestProject1\TestProject1.csproj", "{775A0D35-6E53-410C-9011-A0C5DFBC0FDA}"
EndProject
Global
	GlobalSection(SolutionConfigurationPlatforms) = preSolution
		Debug|Any CPU = Debug|Any CPU
		Release|Any CPU = Release|Any CPU
	EndGlobalSection
	GlobalSection(ProjectConfigurationPlatforms) = postSolution
		{7F3D8575-815E-4E33-A2B7-D62EC98A8CE9}.Debug|Any CPU.ActiveCfg = Debug|Any CPU
		{7F3D8575-815E-4E33-A2B7-D62EC98A8CE9}.Debug|Any CPU.Build.0 = Debug|Any CPU
		{7F3D8575-815E-4E33-A2B7-D62EC98A8CE9}.Release|Any CPU.ActiveCfg = Release|Any CPU
		{7F3D8575-815E-4E33-A2B7-D62EC98A8CE9}.Release|Any CPU.Build.0 = Release|Any CPU
		{775A0D35-6E53-410C-9011-A0C5DFBC0FDA}.Debug|Any CPU.ActiveCfg = Debug|Any CPU
		{775A0D35-6E53-410C-9011-A0C5DFBC0FDA}.Debug|Any CPU.Build.0 = Debug|Any CPU
		{775A0D35-6E53-410C-9011-A0C5DFBC0FDA}.Release|Any CPU.ActiveCfg = Release|Any CPU
		{775A0D35-6E53-410C-9011-A0C5DFBC0FDA}.Release|Any CPU.Build.0 = Release|Any CPU
	EndGlobalSection
	GlobalSection(SolutionProperties) = preSolution
		HideSolutionNode = FALSE
	EndGlobalSection
	GlobalSection(ExtensibilityGlobals) = postSolution
		SolutionGuid = {98B6FD80-3D14-47FF-AFCB-C6BA3FED9F3C}
	EndGlobalSection
EndGlobal
